
Microsoft Visual Studio Solution File, Format Version 12.00
# Visual Studio Version 17
VisualStudioVersion = 17.14.36511.14 d17.14
MinimumVisualStudioVersion = 10.0.40219.1
Project("{8BC9CEB8-8B4A-11D0-8D11-00A0C91BC942}") = "EventCollector", "EventCollector.vcxproj", "{DDCC66F4-A47F-41DA-A5A9-51FD5457D496}"
EndProject
Global
	GlobalSection(SolutionConfigurationPlatforms) = preSolution
		Debug|x64 = Debug|x64
		Debug|x86 = Debug|x86
		Release|x64 = Release|x64
		Release|x86 = Release|x86
	EndGlobalSection
	GlobalSection(ProjectConfigurationPlatforms) = postSolution
		{DDCC66F4-A47F-41DA-A5A9-51FD5457D496}.Debug|x64.ActiveCfg = Debug|x64
		{DDCC66F4-A47F-41DA-A5A9-51FD5457D496}.Debug|x64.Build.0 = Debug|x64
		{DDCC66F4-A47F-41DA-A5A9-51FD5457D496}.Debug|x86.ActiveCfg = Debug|Win32
		{DDCC66F4-A47F-41DA-A5A9-51FD5457D496}.Debug|x86.Build.0 = Debug|Win32
		{DDCC66F4-A47F-41DA-A5A9-51FD5457D496}.Release|x64.ActiveCfg = Release|x64
		{DDCC66F4-A47F-41DA-A5A9-51FD5457D496}.Release|x64.Build.0 = Release|x64
		{DDCC66F4-A47F-41DA-A5A9-51FD5457D496}.Release|x86.ActiveCfg = Release|Win32
		{DDCC66F4-A47F-41DA-A5A9-51FD5457D496}.Release|x86.Build.0 = Release|Win32
	EndGlobalSection
	GlobalSection(SolutionProperties) = preSolution
		HideSolutionNode = FALSE
	EndGlobalSection
	GlobalSection(ExtensibilityGlobals) = postSolution
		SolutionGuid = {5ED7B316-8B89-4FAD-8D4A-5FA384649FD5}
	EndGlobalSection
EndGlobal
